
Microsoft Visual Studio Solution File, Format Version 12.00
# Visual Studio 14
VisualStudioVersion = 14.0.25420.1
MinimumVisualStudioVersion = 10.0.40219.1
Project("{FAE04EC0-301F-11D3-BF4B-00C04F79EFBC}") = "Bilal", "Bilal\Bilal.csproj", "{0EE7CF75-2B3D-4D12-8377-113942681EAA}"
EndProject
Project("{FAE04EC0-301F-11D3-BF4B-00C04F79EFBC}") = "Bilal.Droid", "Bilal.Droid\Bilal.Droid.csproj", "{6D045FA6-2C25-4E12-9F46-53335D69D58A}"
EndProject
Project("{FAE04EC0-301F-11D3-BF4B-00C04F79EFBC}") = "Bilal.iOS", "Bilal.iOS\Bilal.iOS.csproj", "{44A38D1A-A24E-43D3-A125-5AAA8E934276}"
EndProject
Project("{FAE04EC0-301F-11D3-BF4B-00C04F79EFBC}") = "Bilal.WinPhone", "Bilal.WinPhone\Bilal.WinPhone.csproj", "{2CD9C455-C395-44CE-8A4A-E0D1F044AA68}"
EndProject
Project("{FAE04EC0-301F-11D3-BF4B-00C04F79EFBC}") = "Bilal.UWP", "Bilal.UWP\Bilal.UWP.csproj", "{CFF65954-640E-4D39-8869-B57FD6C0D29F}"
EndProject
Project("{FAE04EC0-301F-11D3-BF4B-00C04F79EFBC}") = "Bilal.Windows", "Bilal.Windows\Bilal.Windows.csproj", "{A4C0D977-5FC8-4EA3-85CA-06E311321AA9}"
EndProject
Global
	GlobalSection(SolutionConfigurationPlatforms) = preSolution
		Ad-Hoc|Any CPU = Ad-Hoc|Any CPU
		Ad-Hoc|ARM = Ad-Hoc|ARM
		Ad-Hoc|iPhone = Ad-Hoc|iPhone
		Ad-Hoc|iPhoneSimulator = Ad-Hoc|iPhoneSimulator
		Ad-Hoc|x64 = Ad-Hoc|x64
		Ad-Hoc|x86 = Ad-Hoc|x86
		AppStore|Any CPU = AppStore|Any CPU
		AppStore|ARM = AppStore|ARM
		AppStore|iPhone = AppStore|iPhone
		AppStore|iPhoneSimulator = AppStore|iPhoneSimulator
		AppStore|x64 = AppStore|x64
		AppStore|x86 = AppStore|x86
		Debug|Any CPU = Debug|Any CPU
		Debug|ARM = Debug|ARM
		Debug|iPhone = Debug|iPhone
		Debug|iPhoneSimulator = Debug|iPhoneSimulator
		Debug|x64 = Debug|x64
		Debug|x86 = Debug|x86
		Release|Any CPU = Release|Any CPU
		Release|ARM = Release|ARM
		Release|iPhone = Release|iPhone
		Release|iPhoneSimulator = Release|iPhoneSimulator
		Release|x64 = Release|x64
		Release|x86 = Release|x86
	EndGlobalSection
	GlobalSection(ProjectConfigurationPlatforms) = postSolution
		{0EE7CF75-2B3D-4D12-8377-113942681EAA}.Ad-Hoc|Any CPU.ActiveCfg = Release|Any CPU
		{0EE7CF75-2B3D-4D12-8377-113942681EAA}.Ad-Hoc|Any CPU.Build.0 = Release|Any CPU
		{0EE7CF75-2B3D-4D12-8377-113942681EAA}.Ad-Hoc|ARM.ActiveCfg = Release|Any CPU
		{0EE7CF75-2B3D-4D12-8377-113942681EAA}.Ad-Hoc|ARM.Build.0 = Release|Any CPU
		{0EE7CF75-2B3D-4D12-8377-113942681EAA}.Ad-Hoc|iPhone.ActiveCfg = Release|Any CPU
		{0EE7CF75-2B3D-4D12-8377-113942681EAA}.Ad-Hoc|iPhone.Build.0 = Release|Any CPU
		{0EE7CF75-2B3D-4D12-8377-113942681EAA}.Ad-Hoc|iPhoneSimulator.ActiveCfg = Release|Any CPU
		{0EE7CF75-2B3D-4D12-8377-113942681EAA}.Ad-Hoc|iPhoneSimulator.Build.0 = Release|Any CPU
		{0EE7CF75-2B3D-4D12-8377-113942681EAA}.Ad-Hoc|x64.ActiveCfg = Release|Any CPU
		{0EE7CF75-2B3D-4D12-8377-113942681EAA}.Ad-Hoc|x64.Build.0 = Release|Any CPU
		{0EE7CF75-2B3D-4D12-8377-113942681EAA}.Ad-Hoc|x86.ActiveCfg = Release|Any CPU
		{0EE7CF75-2B3D-4D12-8377-113942681EAA}.Ad-Hoc|x86.Build.0 = Release|Any CPU
		{0EE7CF75-2B3D-4D12-8377-113942681EAA}.AppStore|Any CPU.ActiveCfg = Release|Any CPU
		{0EE7CF75-2B3D-4D12-8377-113942681EAA}.AppStore|Any CPU.Build.0 = Release|Any CPU
		{0EE7CF75-2B3D-4D12-8377-113942681EAA}.AppStore|ARM.ActiveCfg = Release|Any CPU
		{0EE7CF75-2B3D-4D12-8377-113942681EAA}.AppStore|ARM.Build.0 = Release|Any CPU
		{0EE7CF75-2B3D-4D12-8377-113942681EAA}.AppStore|iPhone.ActiveCfg = Release|Any CPU
		{0EE7CF75-2B3D-4D12-8377-113942681EAA}.AppStore|iPhone.Build.0 = Release|Any CPU
		{0EE7CF75-2B3D-4D12-8377-113942681EAA}.AppStore|iPhoneSimulator.ActiveCfg = Release|Any CPU
		{0EE7CF75-2B3D-4D12-8377-113942681EAA}.AppStore|iPhoneSimulator.Build.0 = Release|Any CPU
		{0EE7CF75-2B3D-4D12-8377-113942681EAA}.AppStore|x64.ActiveCfg = Release|Any CPU
		{0EE7CF75-2B3D-4D12-8377-113942681EAA}.AppStore|x64.Build.0 = Release|Any CPU
		{0EE7CF75-2B3D-4D12-8377-113942681EAA}.AppStore|x86.ActiveCfg = Release|Any CPU
		{0EE7CF75-2B3D-4D12-8377-113942681EAA}.AppStore|x86.Build.0 = Release|Any CPU
		{0EE7CF75-2B3D-4D12-8377-113942681EAA}.Debug|Any CPU.ActiveCfg = Debug|Any CPU
		{0EE7CF75-2B3D-4D12-8377-113942681EAA}.Debug|Any CPU.Build.0 = Debug|Any CPU
		{0EE7CF75-2B3D-4D12-8377-113942681EAA}.Debug|ARM.ActiveCfg = Debug|Any CPU
		{0EE7CF75-2B3D-4D12-8377-113942681EAA}.Debug|ARM.Build.0 = Debug|Any CPU
		{0EE7CF75-2B3D-4D12-8377-113942681EAA}.Debug|iPhone.ActiveCfg = Debug|Any CPU
		{0EE7CF75-2B3D-4D12-8377-113942681EAA}.Debug|iPhone.Build.0 = Debug|Any CPU
		{0EE7CF75-2B3D-4D12-8377-113942681EAA}.Debug|iPhoneSimulator.ActiveCfg = Debug|Any CPU
		{0EE7CF75-2B3D-4D12-8377-113942681EAA}.Debug|iPhoneSimulator.Build.0 = Debug|Any CPU
		{0EE7CF75-2B3D-4D12-8377-113942681EAA}.Debug|x64.ActiveCfg = Debug|Any CPU
		{0EE7CF75-2B3D-4D12-8377-113942681EAA}.Debug|x64.Build.0 = Debug|Any CPU
		{0EE7CF75-2B3D-4D12-8377-113942681EAA}.Debug|x86.ActiveCfg = Debug|Any CPU
		{0EE7CF75-2B3D-4D12-8377-113942681EAA}.Debug|x86.Build.0 = Debug|Any CPU
		{0EE7CF75-2B3D-4D12-8377-113942681EAA}.Release|Any CPU.ActiveCfg = Release|Any CPU
		{0EE7CF75-2B3D-4D12-8377-113942681EAA}.Release|Any CPU.Build.0 = Release|Any CPU
		{0EE7CF75-2B3D-4D12-8377-113942681EAA}.Release|ARM.ActiveCfg = Release|Any CPU
		{0EE7CF75-2B3D-4D12-8377-113942681EAA}.Release|ARM.Build.0 = Release|Any CPU
		{0EE7CF75-2B3D-4D12-8377-113942681EAA}.Release|iPhone.ActiveCfg = Release|Any CPU
		{0EE7CF75-2B3D-4D12-8377-113942681EAA}.Release|iPhone.Build.0 = Release|Any CPU
		{0EE7CF75-2B3D-4D12-8377-113942681EAA}.Release|iPhoneSimulator.ActiveCfg = Release|Any CPU
		{0EE7CF75-2B3D-4D12-8377-113942681EAA}.Release|iPhoneSimulator.Build.0 = Release|Any CPU
		{0EE7CF75-2B3D-4D12-8377-113942681EAA}.Release|x64.ActiveCfg = Release|Any CPU
		{0EE7CF75-2B3D-4D12-8377-113942681EAA}.Release|x64.Build.0 = Release|Any CPU
		{0EE7CF75-2B3D-4D12-8377-113942681EAA}.Release|x86.ActiveCfg = Release|Any CPU
		{0EE7CF75-2B3D-4D12-8377-113942681EAA}.Release|x86.Build.0 = Release|Any CPU
		{6D045FA6-2C25-4E12-9F46-53335D69D58A}.Ad-Hoc|Any CPU.ActiveCfg = Release|Any CPU
		{6D045FA6-2C25-4E12-9F46-53335D69D58A}.Ad-Hoc|Any CPU.Build.0 = Release|Any CPU
		{6D045FA6-2C25-4E12-9F46-53335D69D58A}.Ad-Hoc|Any CPU.Deploy.0 = Release|Any CPU
		{6D045FA6-2C25-4E12-9F46-53335D69D58A}.Ad-Hoc|ARM.ActiveCfg = Release|Any CPU
		{6D045FA6-2C25-4E12-9F46-53335D69D58A}.Ad-Hoc|ARM.Build.0 = Release|Any CPU
		{6D045FA6-2C25-4E12-9F46-53335D69D58A}.Ad-Hoc|ARM.Deploy.0 = Release|Any CPU
		{6D045FA6-2C25-4E12-9F46-53335D69D58A}.Ad-Hoc|iPhone.ActiveCfg = Release|Any CPU
		{6D045FA6-2C25-4E12-9F46-53335D69D58A}.Ad-Hoc|iPhone.Build.0 = Release|Any CPU
		{6D045FA6-2C25-4E12-9F46-53335D69D58A}.Ad-Hoc|iPhone.Deploy.0 = Release|Any CPU
		{6D045FA6-2C25-4E12-9F46-53335D69D58A}.Ad-Hoc|iPhoneSimulator.ActiveCfg = Release|Any CPU
		{6D045FA6-2C25-4E12-9F46-53335D69D58A}.Ad-Hoc|iPhoneSimulator.Build.0 = Release|Any CPU
		{6D045FA6-2C25-4E12-9F46-53335D69D58A}.Ad-Hoc|iPhoneSimulator.Deploy.0 = Release|Any CPU
		{6D045FA6-2C25-4E12-9F46-53335D69D58A}.Ad-Hoc|x64.ActiveCfg = Release|Any CPU
		{6D045FA6-2C25-4E12-9F46-53335D69D58A}.Ad-Hoc|x64.Build.0 = Release|Any CPU
		{6D045FA6-2C25-4E12-9F46-53335D69D58A}.Ad-Hoc|x64.Deploy.0 = Release|Any CPU
		{6D045FA6-2C25-4E12-9F46-53335D69D58A}.Ad-Hoc|x86.ActiveCfg = Release|Any CPU
		{6D045FA6-2C25-4E12-9F46-53335D69D58A}.Ad-Hoc|x86.Build.0 = Release|Any CPU
		{6D045FA6-2C25-4E12-9F46-53335D69D58A}.Ad-Hoc|x86.Deploy.0 = Release|Any CPU
		{6D045FA6-2C25-4E12-9F46-53335D69D58A}.AppStore|Any CPU.ActiveCfg = Release|Any CPU
		{6D045FA6-2C25-4E12-9F46-53335D69D58A}.AppStore|Any CPU.Build.0 = Release|Any CPU
		{6D045FA6-2C25-4E12-9F46-53335D69D58A}.AppStore|Any CPU.Deploy.0 = Release|Any CPU
		{6D045FA6-2C25-4E12-9F46-53335D69D58A}.AppStore|ARM.ActiveCfg = Release|Any CPU
		{6D045FA6-2C25-4E12-9F46-53335D69D58A}.AppStore|ARM.Build.0 = Release|Any CPU
		{6D045FA6-2C25-4E12-9F46-53335D69D58A}.AppStore|ARM.Deploy.0 = Release|Any CPU
		{6D045FA6-2C25-4E12-9F46-53335D69D58A}.AppStore|iPhone.ActiveCfg = Release|Any CPU
		{6D045FA6-2C25-4E12-9F46-53335D69D58A}.AppStore|iPhone.Build.0 = Release|Any CPU
		{6D045FA6-2C25-4E12-9F46-53335D69D58A}.AppStore|iPhone.Deploy.0 = Release|Any CPU
		{6D045FA6-2C25-4E12-9F46-53335D69D58A}.AppStore|iPhoneSimulator.ActiveCfg = Release|Any CPU
		{6D045FA6-2C25-4E12-9F46-53335D69D58A}.AppStore|iPhoneSimulator.Build.0 = Release|Any CPU
		{6D045FA6-2C25-4E12-9F46-53335D69D58A}.AppStore|iPhoneSimulator.Deploy.0 = Release|Any CPU
		{6D045FA6-2C25-4E12-9F46-53335D69D58A}.AppStore|x64.ActiveCfg = Release|Any CPU
		{6D045FA6-2C25-4E12-9F46-53335D69D58A}.AppStore|x64.Build.0 = Release|Any CPU
		{6D045FA6-2C25-4E12-9F46-53335D69D58A}.AppStore|x64.Deploy.0 = Release|Any CPU
		{6D045FA6-2C25-4E12-9F46-53335D69D58A}.AppStore|x86.ActiveCfg = Release|Any CPU
		{6D045FA6-2C25-4E12-9F46-53335D69D58A}.AppStore|x86.Build.0 = Release|Any CPU
		{6D045FA6-2C25-4E12-9F46-53335D69D58A}.AppStore|x86.Deploy.0 = Release|Any CPU
		{6D045FA6-2C25-4E12-9F46-53335D69D58A}.Debug|Any CPU.ActiveCfg = Debug|Any CPU
		{6D045FA6-2C25-4E12-9F46-53335D69D58A}.Debug|Any CPU.Build.0 = Debug|Any CPU
		{6D045FA6-2C25-4E12-9F46-53335D69D58A}.Debug|Any CPU.Deploy.0 = Debug|Any CPU
		{6D045FA6-2C25-4E12-9F46-53335D69D58A}.Debug|ARM.ActiveCfg = Debug|Any CPU
		{6D045FA6-2C25-4E12-9F46-53335D69D58A}.Debug|ARM.Build.0 = Debug|Any CPU
		{6D045FA6-2C25-4E12-9F46-53335D69D58A}.Debug|ARM.Deploy.0 = Debug|Any CPU
		{6D045FA6-2C25-4E12-9F46-53335D69D58A}.Debug|iPhone.ActiveCfg = Debug|Any CPU
		{6D045FA6-2C25-4E12-9F46-53335D69D58A}.Debug|iPhone.Build.0 = Debug|Any CPU
		{6D045FA6-2C25-4E12-9F46-53335D69D58A}.Debug|iPhone.Deploy.0 = Debug|Any CPU
		{6D045FA6-2C25-4E12-9F46-53335D69D58A}.Debug|iPhoneSimulator.ActiveCfg = Debug|Any CPU
		{6D045FA6-2C25-4E12-9F46-53335D69D58A}.Debug|iPhoneSimulator.Build.0 = Debug|Any CPU
		{6D045FA6-2C25-4E12-9F46-53335D69D58A}.Debug|iPhoneSimulator.Deploy.0 = Debug|Any CPU
		{6D045FA6-2C25-4E12-9F46-53335D69D58A}.Debug|x64.ActiveCfg = Debug|Any CPU
		{6D045FA6-2C25-4E12-9F46-53335D69D58A}.Debug|x64.Build.0 = Debug|Any CPU
		{6D045FA6-2C25-4E12-9F46-53335D69D58A}.Debug|x64.Deploy.0 = Debug|Any CPU
		{6D045FA6-2C25-4E12-9F46-53335D69D58A}.Debug|x86.ActiveCfg = Debug|Any CPU
		{6D045FA6-2C25-4E12-9F46-53335D69D58A}.Debug|x86.Build.0 = Debug|Any CPU
		{6D045FA6-2C25-4E12-9F46-53335D69D58A}.Debug|x86.Deploy.0 = Debug|Any CPU
		{6D045FA6-2C25-4E12-9F46-53335D69D58A}.Release|Any CPU.ActiveCfg = Release|Any CPU
		{6D045FA6-2C25-4E12-9F46-53335D69D58A}.Release|Any CPU.Build.0 = Release|Any CPU
		{6D045FA6-2C25-4E12-9F46-53335D69D58A}.Release|Any CPU.Deploy.0 = Release|Any CPU
		{6D045FA6-2C25-4E12-9F46-53335D69D58A}.Release|ARM.ActiveCfg = Release|Any CPU
		{6D045FA6-2C25-4E12-9F46-53335D69D58A}.Release|ARM.Build.0 = Release|Any CPU
		{6D045FA6-2C25-4E12-9F46-53335D69D58A}.Release|ARM.Deploy.0 = Release|Any CPU
		{6D045FA6-2C25-4E12-9F46-53335D69D58A}.Release|iPhone.ActiveCfg = Release|Any CPU
		{6D045FA6-2C25-4E12-9F46-53335D69D58A}.Release|iPhone.Build.0 = Release|Any CPU
		{6D045FA6-2C25-4E12-9F46-53335D69D58A}.Release|iPhone.Deploy.0 = Release|Any CPU
		{6D045FA6-2C25-4E12-9F46-53335D69D58A}.Release|iPhoneSimulator.ActiveCfg = Release|Any CPU
		{6D045FA6-2C25-4E12-9F46-53335D69D58A}.Release|iPhoneSimulator.Build.0 = Release|Any CPU
		{6D045FA6-2C25-4E12-9F46-53335D69D58A}.Release|iPhoneSimulator.Deploy.0 = Release|Any CPU
		{6D045FA6-2C25-4E12-9F46-53335D69D58A}.Release|x64.ActiveCfg = Release|Any CPU
		{6D045FA6-2C25-4E12-9F46-53335D69D58A}.Release|x64.Build.0 = Release|Any CPU
		{6D045FA6-2C25-4E12-9F46-53335D69D58A}.Release|x64.Deploy.0 = Release|Any CPU
		{6D045FA6-2C25-4E12-9F46-53335D69D58A}.Release|x86.ActiveCfg = Release|Any CPU
		{6D045FA6-2C25-4E12-9F46-53335D69D58A}.Release|x86.Build.0 = Release|Any CPU
		{6D045FA6-2C25-4E12-9F46-53335D69D58A}.Release|x86.Deploy.0 = Release|Any CPU
		{44A38D1A-A24E-43D3-A125-5AAA8E934276}.Ad-Hoc|Any CPU.ActiveCfg = Ad-Hoc|iPhone
		{44A38D1A-A24E-43D3-A125-5AAA8E934276}.Ad-Hoc|ARM.ActiveCfg = Ad-Hoc|iPhone
		{44A38D1A-A24E-43D3-A125-5AAA8E934276}.Ad-Hoc|iPhone.ActiveCfg = Ad-Hoc|iPhone
		{44A38D1A-A24E-43D3-A125-5AAA8E934276}.Ad-Hoc|iPhone.Build.0 = Ad-Hoc|iPhone
		{44A38D1A-A24E-43D3-A125-5AAA8E934276}.Ad-Hoc|iPhoneSimulator.ActiveCfg = Ad-Hoc|iPhoneSimulator
		{44A38D1A-A24E-43D3-A125-5AAA8E934276}.Ad-Hoc|iPhoneSimulator.Build.0 = Ad-Hoc|iPhoneSimulator
		{44A38D1A-A24E-43D3-A125-5AAA8E934276}.Ad-Hoc|x64.ActiveCfg = Ad-Hoc|iPhone
		{44A38D1A-A24E-43D3-A125-5AAA8E934276}.Ad-Hoc|x86.ActiveCfg = Ad-Hoc|iPhone
		{44A38D1A-A24E-43D3-A125-5AAA8E934276}.AppStore|Any CPU.ActiveCfg = AppStore|iPhone
		{44A38D1A-A24E-43D3-A125-5AAA8E934276}.AppStore|ARM.ActiveCfg = AppStore|iPhone
		{44A38D1A-A24E-43D3-A125-5AAA8E934276}.AppStore|iPhone.ActiveCfg = AppStore|iPhone
		{44A38D1A-A24E-43D3-A125-5AAA8E934276}.AppStore|iPhone.Build.0 = AppStore|iPhone
		{44A38D1A-A24E-43D3-A125-5AAA8E934276}.AppStore|iPhoneSimulator.ActiveCfg = AppStore|iPhoneSimulator
		{44A38D1A-A24E-43D3-A125-5AAA8E934276}.AppStore|iPhoneSimulator.Build.0 = AppStore|iPhoneSimulator
		{44A38D1A-A24E-43D3-A125-5AAA8E934276}.AppStore|x64.ActiveCfg = AppStore|iPhone
		{44A38D1A-A24E-43D3-A125-5AAA8E934276}.AppStore|x86.ActiveCfg = AppStore|iPhone
		{44A38D1A-A24E-43D3-A125-5AAA8E934276}.Debug|Any CPU.ActiveCfg = Debug|iPhone
		{44A38D1A-A24E-43D3-A125-5AAA8E934276}.Debug|ARM.ActiveCfg = Debug|iPhone
		{44A38D1A-A24E-43D3-A125-5AAA8E934276}.Debug|iPhone.ActiveCfg = Debug|iPhone
		{44A38D1A-A24E-43D3-A125-5AAA8E934276}.Debug|iPhone.Build.0 = Debug|iPhone
		{44A38D1A-A24E-43D3-A125-5AAA8E934276}.Debug|iPhoneSimulator.ActiveCfg = Debug|iPhoneSimulator
		{44A38D1A-A24E-43D3-A125-5AAA8E934276}.Debug|iPhoneSimulator.Build.0 = Debug|iPhoneSimulator
		{44A38D1A-A24E-43D3-A125-5AAA8E934276}.Debug|x64.ActiveCfg = Debug|iPhone
		{44A38D1A-A24E-43D3-A125-5AAA8E934276}.Debug|x86.ActiveCfg = Debug|iPhone
		{44A38D1A-A24E-43D3-A125-5AAA8E934276}.Release|Any CPU.ActiveCfg = Release|iPhone
		{44A38D1A-A24E-43D3-A125-5AAA8E934276}.Release|ARM.ActiveCfg = Release|iPhone
		{44A38D1A-A24E-43D3-A125-5AAA8E934276}.Release|iPhone.ActiveCfg = Release|iPhone
		{44A38D1A-A24E-43D3-A125-5AAA8E934276}.Release|iPhone.Build.0 = Release|iPhone
		{44A38D1A-A24E-43D3-A125-5AAA8E934276}.Release|iPhoneSimulator.ActiveCfg = Release|iPhoneSimulator
		{44A38D1A-A24E-43D3-A125-5AAA8E934276}.Release|iPhoneSimulator.Build.0 = Release|iPhoneSimulator
		{44A38D1A-A24E-43D3-A125-5AAA8E934276}.Release|x64.ActiveCfg = Release|iPhone
		{44A38D1A-A24E-43D3-A125-5AAA8E934276}.Release|x86.ActiveCfg = Release|iPhone
		{2CD9C455-C395-44CE-8A4A-E0D1F044AA68}.Ad-Hoc|Any CPU.ActiveCfg = Release|Any CPU
		{2CD9C455-C395-44CE-8A4A-E0D1F044AA68}.Ad-Hoc|Any CPU.Build.0 = Release|Any CPU
		{2CD9C455-C395-44CE-8A4A-E0D1F044AA68}.Ad-Hoc|Any CPU.Deploy.0 = Release|Any CPU
		{2CD9C455-C395-44CE-8A4A-E0D1F044AA68}.Ad-Hoc|ARM.ActiveCfg = Release|ARM
		{2CD9C455-C395-44CE-8A4A-E0D1F044AA68}.Ad-Hoc|ARM.Build.0 = Release|ARM
		{2CD9C455-C395-44CE-8A4A-E0D1F044AA68}.Ad-Hoc|ARM.Deploy.0 = Release|ARM
		{2CD9C455-C395-44CE-8A4A-E0D1F044AA68}.Ad-Hoc|iPhone.ActiveCfg = Release|Any CPU
		{2CD9C455-C395-44CE-8A4A-E0D1F044AA68}.Ad-Hoc|iPhone.Build.0 = Release|Any CPU
		{2CD9C455-C395-44CE-8A4A-E0D1F044AA68}.Ad-Hoc|iPhone.Deploy.0 = Release|Any CPU
		{2CD9C455-C395-44CE-8A4A-E0D1F044AA68}.Ad-Hoc|iPhoneSimulator.ActiveCfg = Release|Any CPU
		{2CD9C455-C395-44CE-8A4A-E0D1F044AA68}.Ad-Hoc|iPhoneSimulator.Build.0 = Release|Any CPU
		{2CD9C455-C395-44CE-8A4A-E0D1F044AA68}.Ad-Hoc|iPhoneSimulator.Deploy.0 = Release|Any CPU
		{2CD9C455-C395-44CE-8A4A-E0D1F044AA68}.Ad-Hoc|x64.ActiveCfg = Release|Any CPU
		{2CD9C455-C395-44CE-8A4A-E0D1F044AA68}.Ad-Hoc|x64.Build.0 = Release|Any CPU
		{2CD9C455-C395-44CE-8A4A-E0D1F044AA68}.Ad-Hoc|x64.Deploy.0 = Release|Any CPU
		{2CD9C455-C395-44CE-8A4A-E0D1F044AA68}.Ad-Hoc|x86.ActiveCfg = Release|x86
		{2CD9C455-C395-44CE-8A4A-E0D1F044AA68}.Ad-Hoc|x86.Build.0 = Release|x86
		{2CD9C455-C395-44CE-8A4A-E0D1F044AA68}.Ad-Hoc|x86.Deploy.0 = Release|x86
		{2CD9C455-C395-44CE-8A4A-E0D1F044AA68}.AppStore|Any CPU.ActiveCfg = Release|Any CPU
		{2CD9C455-C395-44CE-8A4A-E0D1F044AA68}.AppStore|Any CPU.Build.0 = Release|Any CPU
		{2CD9C455-C395-44CE-8A4A-E0D1F044AA68}.AppStore|Any CPU.Deploy.0 = Release|Any CPU
		{2CD9C455-C395-44CE-8A4A-E0D1F044AA68}.AppStore|ARM.ActiveCfg = Release|ARM
		{2CD9C455-C395-44CE-8A4A-E0D1F044AA68}.AppStore|ARM.Build.0 = Release|ARM
		{2CD9C455-C395-44CE-8A4A-E0D1F044AA68}.AppStore|ARM.Deploy.0 = Release|ARM
		{2CD9C455-C395-44CE-8A4A-E0D1F044AA68}.AppStore|iPhone.ActiveCfg = Release|Any CPU
		{2CD9C455-C395-44CE-8A4A-E0D1F044AA68}.AppStore|iPhone.Build.0 = Release|Any CPU
		{2CD9C455-C395-44CE-8A4A-E0D1F044AA68}.AppStore|iPhone.Deploy.0 = Release|Any CPU
		{2CD9C455-C395-44CE-8A4A-E0D1F044AA68}.AppStore|iPhoneSimulator.ActiveCfg = Release|Any CPU
		{2CD9C455-C395-44CE-8A4A-E0D1F044AA68}.AppStore|iPhoneSimulator.Build.0 = Release|Any CPU
		{2CD9C455-C395-44CE-8A4A-E0D1F044AA68}.AppStore|iPhoneSimulator.Deploy.0 = Release|Any CPU
		{2CD9C455-C395-44CE-8A4A-E0D1F044AA68}.AppStore|x64.ActiveCfg = Release|Any CPU
		{2CD9C455-C395-44CE-8A4A-E0D1F044AA68}.AppStore|x64.Build.0 = Release|Any CPU
		{2CD9C455-C395-44CE-8A4A-E0D1F044AA68}.AppStore|x64.Deploy.0 = Release|Any CPU
		{2CD9C455-C395-44CE-8A4A-E0D1F044AA68}.AppStore|x86.ActiveCfg = Release|x86
		{2CD9C455-C395-44CE-8A4A-E0D1F044AA68}.AppStore|x86.Build.0 = Release|x86
		{2CD9C455-C395-44CE-8A4A-E0D1F044AA68}.AppStore|x86.Deploy.0 = Release|x86
		{2CD9C455-C395-44CE-8A4A-E0D1F044AA68}.Debug|Any CPU.ActiveCfg = Debug|Any CPU
		{2CD9C455-C395-44CE-8A4A-E0D1F044AA68}.Debug|Any CPU.Build.0 = Debug|Any CPU
		{2CD9C455-C395-44CE-8A4A-E0D1F044AA68}.Debug|Any CPU.Deploy.0 = Debug|Any CPU
		{2CD9C455-C395-44CE-8A4A-E0D1F044AA68}.Debug|ARM.ActiveCfg = Debug|ARM
		{2CD9C455-C395-44CE-8A4A-E0D1F044AA68}.Debug|ARM.Build.0 = Debug|ARM
		{2CD9C455-C395-44CE-8A4A-E0D1F044AA68}.Debug|ARM.Deploy.0 = Debug|ARM
		{2CD9C455-C395-44CE-8A4A-E0D1F044AA68}.Debug|iPhone.ActiveCfg = Debug|Any CPU
		{2CD9C455-C395-44CE-8A4A-E0D1F044AA68}.Debug|iPhone.Build.0 = Debug|Any CPU
		{2CD9C455-C395-44CE-8A4A-E0D1F044AA68}.Debug|iPhone.Deploy.0 = Debug|Any CPU
		{2CD9C455-C395-44CE-8A4A-E0D1F044AA68}.Debug|iPhoneSimulator.ActiveCfg = Debug|Any CPU
		{2CD9C455-C395-44CE-8A4A-E0D1F044AA68}.Debug|iPhoneSimulator.Build.0 = Debug|Any CPU
		{2CD9C455-C395-44CE-8A4A-E0D1F044AA68}.Debug|iPhoneSimulator.Deploy.0 = Debug|Any CPU
		{2CD9C455-C395-44CE-8A4A-E0D1F044AA68}.Debug|x64.ActiveCfg = Debug|Any CPU
		{2CD9C455-C395-44CE-8A4A-E0D1F044AA68}.Debug|x64.Build.0 = Debug|Any CPU
		{2CD9C455-C395-44CE-8A4A-E0D1F044AA68}.Debug|x64.Deploy.0 = Debug|Any CPU
		{2CD9C455-C395-44CE-8A4A-E0D1F044AA68}.Debug|x86.ActiveCfg = Debug|x86
		{2CD9C455-C395-44CE-8A4A-E0D1F044AA68}.Debug|x86.Build.0 = Debug|x86
		{2CD9C455-C395-44CE-8A4A-E0D1F044AA68}.Debug|x86.Deploy.0 = Debug|x86
		{2CD9C455-C395-44CE-8A4A-E0D1F044AA68}.Release|Any CPU.ActiveCfg = Release|Any CPU
		{2CD9C455-C395-44CE-8A4A-E0D1F044AA68}.Release|Any CPU.Build.0 = Release|Any CPU
		{2CD9C455-C395-44CE-8A4A-E0D1F044AA68}.Release|Any CPU.Deploy.0 = Release|Any CPU
		{2CD9C455-C395-44CE-8A4A-E0D1F044AA68}.Release|ARM.ActiveCfg = Release|ARM
		{2CD9C455-C395-44CE-8A4A-E0D1F044AA68}.Release|ARM.Build.0 = Release|ARM
		{2CD9C455-C395-44CE-8A4A-E0D1F044AA68}.Release|ARM.Deploy.0 = Release|ARM
		{2CD9C455-C395-44CE-8A4A-E0D1F044AA68}.Release|iPhone.ActiveCfg = Release|Any CPU
		{2CD9C455-C395-44CE-8A4A-E0D1F044AA68}.Release|iPhone.Build.0 = Release|Any CPU
		{2CD9C455-C395-44CE-8A4A-E0D1F044AA68}.Release|iPhone.Deploy.0 = Release|Any CPU
		{2CD9C455-C395-44CE-8A4A-E0D1F044AA68}.Release|iPhoneSimulator.ActiveCfg = Release|Any CPU
		{2CD9C455-C395-44CE-8A4A-E0D1F044AA68}.Release|iPhoneSimulator.Build.0 = Release|Any CPU
		{2CD9C455-C395-44CE-8A4A-E0D1F044AA68}.Release|iPhoneSimulator.Deploy.0 = Release|Any CPU
		{2CD9C455-C395-44CE-8A4A-E0D1F044AA68}.Release|x64.ActiveCfg = Release|Any CPU
		{2CD9C455-C395-44CE-8A4A-E0D1F044AA68}.Release|x64.Build.0 = Release|Any CPU
		{2CD9C455-C395-44CE-8A4A-E0D1F044AA68}.Release|x64.Deploy.0 = Release|Any CPU
		{2CD9C455-C395-44CE-8A4A-E0D1F044AA68}.Release|x86.ActiveCfg = Release|x86
		{2CD9C455-C395-44CE-8A4A-E0D1F044AA68}.Release|x86.Build.0 = Release|x86
		{2CD9C455-C395-44CE-8A4A-E0D1F044AA68}.Release|x86.Deploy.0 = Release|x86
		{CFF65954-640E-4D39-8869-B57FD6C0D29F}.Ad-Hoc|Any CPU.ActiveCfg = Release|x86
		{CFF65954-640E-4D39-8869-B57FD6C0D29F}.Ad-Hoc|Any CPU.Build.0 = Release|x86
		{CFF65954-640E-4D39-8869-B57FD6C0D29F}.Ad-Hoc|Any CPU.Deploy.0 = Release|x86
		{CFF65954-640E-4D39-8869-B57FD6C0D29F}.Ad-Hoc|ARM.ActiveCfg = Release|ARM
		{CFF65954-640E-4D39-8869-B57FD6C0D29F}.Ad-Hoc|ARM.Build.0 = Release|ARM
		{CFF65954-640E-4D39-8869-B57FD6C0D29F}.Ad-Hoc|ARM.Deploy.0 = Release|ARM
		{CFF65954-640E-4D39-8869-B57FD6C0D29F}.Ad-Hoc|iPhone.ActiveCfg = Release|x86
		{CFF65954-640E-4D39-8869-B57FD6C0D29F}.Ad-Hoc|iPhone.Build.0 = Release|x86
		{CFF65954-640E-4D39-8869-B57FD6C0D29F}.Ad-Hoc|iPhone.Deploy.0 = Release|x86
		{CFF65954-640E-4D39-8869-B57FD6C0D29F}.Ad-Hoc|iPhoneSimulator.ActiveCfg = Release|x86
		{CFF65954-640E-4D39-8869-B57FD6C0D29F}.Ad-Hoc|iPhoneSimulator.Build.0 = Release|x86
		{CFF65954-640E-4D39-8869-B57FD6C0D29F}.Ad-Hoc|iPhoneSimulator.Deploy.0 = Release|x86
		{CFF65954-640E-4D39-8869-B57FD6C0D29F}.Ad-Hoc|x64.ActiveCfg = Release|x64
		{CFF65954-640E-4D39-8869-B57FD6C0D29F}.Ad-Hoc|x64.Build.0 = Release|x64
		{CFF65954-640E-4D39-8869-B57FD6C0D29F}.Ad-Hoc|x64.Deploy.0 = Release|x64
		{CFF65954-640E-4D39-8869-B57FD6C0D29F}.Ad-Hoc|x86.ActiveCfg = Release|x86
		{CFF65954-640E-4D39-8869-B57FD6C0D29F}.Ad-Hoc|x86.Build.0 = Release|x86
		{CFF65954-640E-4D39-8869-B57FD6C0D29F}.Ad-Hoc|x86.Deploy.0 = Release|x86
		{CFF65954-640E-4D39-8869-B57FD6C0D29F}.AppStore|Any CPU.ActiveCfg = Release|x86
		{CFF65954-640E-4D39-8869-B57FD6C0D29F}.AppStore|Any CPU.Build.0 = Release|x86
		{CFF65954-640E-4D39-8869-B57FD6C0D29F}.AppStore|Any CPU.Deploy.0 = Release|x86
		{CFF65954-640E-4D39-8869-B57FD6C0D29F}.AppStore|ARM.ActiveCfg = Release|ARM
		{CFF65954-640E-4D39-8869-B57FD6C0D29F}.AppStore|ARM.Build.0 = Release|ARM
		{CFF65954-640E-4D39-8869-B57FD6C0D29F}.AppStore|ARM.Deploy.0 = Release|ARM
		{CFF65954-640E-4D39-8869-B57FD6C0D29F}.AppStore|iPhone.ActiveCfg = Release|x86
		{CFF65954-640E-4D39-8869-B57FD6C0D29F}.AppStore|iPhone.Build.0 = Release|x86
		{CFF65954-640E-4D39-8869-B57FD6C0D29F}.AppStore|iPhone.Deploy.0 = Release|x86
		{CFF65954-640E-4D39-8869-B57FD6C0D29F}.AppStore|iPhoneSimulator.ActiveCfg = Release|x86
		{CFF65954-640E-4D39-8869-B57FD6C0D29F}.AppStore|iPhoneSimulator.Build.0 = Release|x86
		{CFF65954-640E-4D39-8869-B57FD6C0D29F}.AppStore|iPhoneSimulator.Deploy.0 = Release|x86
		{CFF65954-640E-4D39-8869-B57FD6C0D29F}.AppStore|x64.ActiveCfg = Release|x64
		{CFF65954-640E-4D39-8869-B57FD6C0D29F}.AppStore|x64.Build.0 = Release|x64
		{CFF65954-640E-4D39-8869-B57FD6C0D29F}.AppStore|x64.Deploy.0 = Release|x64
		{CFF65954-640E-4D39-8869-B57FD6C0D29F}.AppStore|x86.ActiveCfg = Release|x86
		{CFF65954-640E-4D39-8869-B57FD6C0D29F}.AppStore|x86.Build.0 = Release|x86
		{CFF65954-640E-4D39-8869-B57FD6C0D29F}.AppStore|x86.Deploy.0 = Release|x86
		{CFF65954-640E-4D39-8869-B57FD6C0D29F}.Debug|Any CPU.ActiveCfg = Debug|x86
		{CFF65954-640E-4D39-8869-B57FD6C0D29F}.Debug|ARM.ActiveCfg = Debug|ARM
		{CFF65954-640E-4D39-8869-B57FD6C0D29F}.Debug|ARM.Build.0 = Debug|ARM
		{CFF65954-640E-4D39-8869-B57FD6C0D29F}.Debug|ARM.Deploy.0 = Debug|ARM
		{CFF65954-640E-4D39-8869-B57FD6C0D29F}.Debug|iPhone.ActiveCfg = Debug|x86
		{CFF65954-640E-4D39-8869-B57FD6C0D29F}.Debug|iPhoneSimulator.ActiveCfg = Debug|x86
		{CFF65954-640E-4D39-8869-B57FD6C0D29F}.Debug|x64.ActiveCfg = Debug|x64
		{CFF65954-640E-4D39-8869-B57FD6C0D29F}.Debug|x64.Build.0 = Debug|x64
		{CFF65954-640E-4D39-8869-B57FD6C0D29F}.Debug|x64.Deploy.0 = Debug|x64
		{CFF65954-640E-4D39-8869-B57FD6C0D29F}.Debug|x86.ActiveCfg = Debug|x86
		{CFF65954-640E-4D39-8869-B57FD6C0D29F}.Debug|x86.Build.0 = Debug|x86
		{CFF65954-640E-4D39-8869-B57FD6C0D29F}.Debug|x86.Deploy.0 = Debug|x86
		{CFF65954-640E-4D39-8869-B57FD6C0D29F}.Release|Any CPU.ActiveCfg = Release|x86
		{CFF65954-640E-4D39-8869-B57FD6C0D29F}.Release|ARM.ActiveCfg = Release|ARM
		{CFF65954-640E-4D39-8869-B57FD6C0D29F}.Release|ARM.Build.0 = Release|ARM
		{CFF65954-640E-4D39-8869-B57FD6C0D29F}.Release|ARM.Deploy.0 = Release|ARM
		{CFF65954-640E-4D39-8869-B57FD6C0D29F}.Release|iPhone.ActiveCfg = Release|x86
		{CFF65954-640E-4D39-8869-B57FD6C0D29F}.Release|iPhoneSimulator.ActiveCfg = Release|x86
		{CFF65954-640E-4D39-8869-B57FD6C0D29F}.Release|x64.ActiveCfg = Release|x64
		{CFF65954-640E-4D39-8869-B57FD6C0D29F}.Release|x64.Build.0 = Release|x64
		{CFF65954-640E-4D39-8869-B57FD6C0D29F}.Release|x64.Deploy.0 = Release|x64
		{CFF65954-640E-4D39-8869-B57FD6C0D29F}.Release|x86.ActiveCfg = Release|x86
		{CFF65954-640E-4D39-8869-B57FD6C0D29F}.Release|x86.Build.0 = Release|x86
		{CFF65954-640E-4D39-8869-B57FD6C0D29F}.Release|x86.Deploy.0 = Release|x86
		{A4C0D977-5FC8-4EA3-85CA-06E311321AA9}.Ad-Hoc|Any CPU.ActiveCfg = Release|Any CPU
		{A4C0D977-5FC8-4EA3-85CA-06E311321AA9}.Ad-Hoc|Any CPU.Build.0 = Release|Any CPU
		{A4C0D977-5FC8-4EA3-85CA-06E311321AA9}.Ad-Hoc|Any CPU.Deploy.0 = Release|Any CPU
		{A4C0D977-5FC8-4EA3-85CA-06E311321AA9}.Ad-Hoc|ARM.ActiveCfg = Release|ARM
		{A4C0D977-5FC8-4EA3-85CA-06E311321AA9}.Ad-Hoc|ARM.Build.0 = Release|ARM
		{A4C0D977-5FC8-4EA3-85CA-06E311321AA9}.Ad-Hoc|ARM.Deploy.0 = Release|ARM
		{A4C0D977-5FC8-4EA3-85CA-06E311321AA9}.Ad-Hoc|iPhone.ActiveCfg = Release|Any CPU
		{A4C0D977-5FC8-4EA3-85CA-06E311321AA9}.Ad-Hoc|iPhone.Build.0 = Release|Any CPU
		{A4C0D977-5FC8-4EA3-85CA-06E311321AA9}.Ad-Hoc|iPhone.Deploy.0 = Release|Any CPU
		{A4C0D977-5FC8-4EA3-85CA-06E311321AA9}.Ad-Hoc|iPhoneSimulator.ActiveCfg = Release|Any CPU
		{A4C0D977-5FC8-4EA3-85CA-06E311321AA9}.Ad-Hoc|iPhoneSimulator.Build.0 = Release|Any CPU
		{A4C0D977-5FC8-4EA3-85CA-06E311321AA9}.Ad-Hoc|iPhoneSimulator.Deploy.0 = Release|Any CPU
		{A4C0D977-5FC8-4EA3-85CA-06E311321AA9}.Ad-Hoc|x64.ActiveCfg = Release|x64
		{A4C0D977-5FC8-4EA3-85CA-06E311321AA9}.Ad-Hoc|x64.Build.0 = Release|x64
		{A4C0D977-5FC8-4EA3-85CA-06E311321AA9}.Ad-Hoc|x64.Deploy.0 = Release|x64
		{A4C0D977-5FC8-4EA3-85CA-06E311321AA9}.Ad-Hoc|x86.ActiveCfg = Release|x86
		{A4C0D977-5FC8-4EA3-85CA-06E311321AA9}.Ad-Hoc|x86.Build.0 = Release|x86
		{A4C0D977-5FC8-4EA3-85CA-06E311321AA9}.Ad-Hoc|x86.Deploy.0 = Release|x86
		{A4C0D977-5FC8-4EA3-85CA-06E311321AA9}.AppStore|Any CPU.ActiveCfg = Release|Any CPU
		{A4C0D977-5FC8-4EA3-85CA-06E311321AA9}.AppStore|Any CPU.Build.0 = Release|Any CPU
		{A4C0D977-5FC8-4EA3-85CA-06E311321AA9}.AppStore|Any CPU.Deploy.0 = Release|Any CPU
		{A4C0D977-5FC8-4EA3-85CA-06E311321AA9}.AppStore|ARM.ActiveCfg = Release|ARM
		{A4C0D977-5FC8-4EA3-85CA-06E311321AA9}.AppStore|ARM.Build.0 = Release|ARM
		{A4C0D977-5FC8-4EA3-85CA-06E311321AA9}.AppStore|ARM.Deploy.0 = Release|ARM
		{A4C0D977-5FC8-4EA3-85CA-06E311321AA9}.AppStore|iPhone.ActiveCfg = Release|Any CPU
		{A4C0D977-5FC8-4EA3-85CA-06E311321AA9}.AppStore|iPhone.Build.0 = Release|Any CPU
		{A4C0D977-5FC8-4EA3-85CA-06E311321AA9}.AppStore|iPhone.Deploy.0 = Release|Any CPU
		{A4C0D977-5FC8-4EA3-85CA-06E311321AA9}.AppStore|iPhoneSimulator.ActiveCfg = Release|Any CPU
		{A4C0D977-5FC8-4EA3-85CA-06E311321AA9}.AppStore|iPhoneSimulator.Build.0 = Release|Any CPU
		{A4C0D977-5FC8-4EA3-85CA-06E311321AA9}.AppStore|iPhoneSimulator.Deploy.0 = Release|Any CPU
		{A4C0D977-5FC8-4EA3-85CA-06E311321AA9}.AppStore|x64.ActiveCfg = Release|x64
		{A4C0D977-5FC8-4EA3-85CA-06E311321AA9}.AppStore|x64.Build.0 = Release|x64
		{A4C0D977-5FC8-4EA3-85CA-06E311321AA9}.AppStore|x64.Deploy.0 = Release|x64
		{A4C0D977-5FC8-4EA3-85CA-06E311321AA9}.AppStore|x86.ActiveCfg = Release|x86
		{A4C0D977-5FC8-4EA3-85CA-06E311321AA9}.AppStore|x86.Build.0 = Release|x86
		{A4C0D977-5FC8-4EA3-85CA-06E311321AA9}.AppStore|x86.Deploy.0 = Release|x86
		{A4C0D977-5FC8-4EA3-85CA-06E311321AA9}.Debug|Any CPU.ActiveCfg = Debug|Any CPU
		{A4C0D977-5FC8-4EA3-85CA-06E311321AA9}.Debug|Any CPU.Build.0 = Debug|Any CPU
		{A4C0D977-5FC8-4EA3-85CA-06E311321AA9}.Debug|Any CPU.Deploy.0 = Debug|Any CPU
		{A4C0D977-5FC8-4EA3-85CA-06E311321AA9}.Debug|ARM.ActiveCfg = Debug|ARM
		{A4C0D977-5FC8-4EA3-85CA-06E311321AA9}.Debug|ARM.Build.0 = Debug|ARM
		{A4C0D977-5FC8-4EA3-85CA-06E311321AA9}.Debug|ARM.Deploy.0 = Debug|ARM
		{A4C0D977-5FC8-4EA3-85CA-06E311321AA9}.Debug|iPhone.ActiveCfg = Debug|Any CPU
		{A4C0D977-5FC8-4EA3-85CA-06E311321AA9}.Debug|iPhone.Build.0 = Debug|Any CPU
		{A4C0D977-5FC8-4EA3-85CA-06E311321AA9}.Debug|iPhone.Deploy.0 = Debug|Any CPU
		{A4C0D977-5FC8-4EA3-85CA-06E311321AA9}.Debug|iPhoneSimulator.ActiveCfg = Debug|Any CPU
		{A4C0D977-5FC8-4EA3-85CA-06E311321AA9}.Debug|iPhoneSimulator.Build.0 = Debug|Any CPU
		{A4C0D977-5FC8-4EA3-85CA-06E311321AA9}.Debug|iPhoneSimulator.Deploy.0 = Debug|Any CPU
		{A4C0D977-5FC8-4EA3-85CA-06E311321AA9}.Debug|x64.ActiveCfg = Debug|x64
		{A4C0D977-5FC8-4EA3-85CA-06E311321AA9}.Debug|x64.Build.0 = Debug|x64
		{A4C0D977-5FC8-4EA3-85CA-06E311321AA9}.Debug|x64.Deploy.0 = Debug|x64
		{A4C0D977-5FC8-4EA3-85CA-06E311321AA9}.Debug|x86.ActiveCfg = Debug|x86
		{A4C0D977-5FC8-4EA3-85CA-06E311321AA9}.Debug|x86.Build.0 = Debug|x86
		{A4C0D977-5FC8-4EA3-85CA-06E311321AA9}.Debug|x86.Deploy.0 = Debug|x86
		{A4C0D977-5FC8-4EA3-85CA-06E311321AA9}.Release|Any CPU.ActiveCfg = Release|Any CPU
		{A4C0D977-5FC8-4EA3-85CA-06E311321AA9}.Release|Any CPU.Build.0 = Release|Any CPU
		{A4C0D977-5FC8-4EA3-85CA-06E311321AA9}.Release|Any CPU.Deploy.0 = Release|Any CPU
		{A4C0D977-5FC8-4EA3-85CA-06E311321AA9}.Release|ARM.ActiveCfg = Release|ARM
		{A4C0D977-5FC8-4EA3-85CA-06E311321AA9}.Release|ARM.Build.0 = Release|ARM
		{A4C0D977-5FC8-4EA3-85CA-06E311321AA9}.Release|ARM.Deploy.0 = Release|ARM
		{A4C0D977-5FC8-4EA3-85CA-06E311321AA9}.Release|iPhone.ActiveCfg = Release|Any CPU
		{A4C0D977-5FC8-4EA3-85CA-06E311321AA9}.Release|iPhone.Build.0 = Release|Any CPU
		{A4C0D977-5FC8-4EA3-85CA-06E311321AA9}.Release|iPhone.Deploy.0 = Release|Any CPU
		{A4C0D977-5FC8-4EA3-85CA-06E311321AA9}.Release|iPhoneSimulator.ActiveCfg = Release|Any CPU
		{A4C0D977-5FC8-4EA3-85CA-06E311321AA9}.Release|iPhoneSimulator.Build.0 = Release|Any CPU
		{A4C0D977-5FC8-4EA3-85CA-06E311321AA9}.Release|iPhoneSimulator.Deploy.0 = Release|Any CPU
		{A4C0D977-5FC8-4EA3-85CA-06E311321AA9}.Release|x64.ActiveCfg = Release|x64
		{A4C0D977-5FC8-4EA3-85CA-06E311321AA9}.Release|x64.Build.0 = Release|x64
		{A4C0D977-5FC8-4EA3-85CA-06E311321AA9}.Release|x64.Deploy.0 = Release|x64
		{A4C0D977-5FC8-4EA3-85CA-06E311321AA9}.Release|x86.ActiveCfg = Release|x86
		{A4C0D977-5FC8-4EA3-85CA-06E311321AA9}.Release|x86.Build.0 = Release|x86
		{A4C0D977-5FC8-4EA3-85CA-06E311321AA9}.Release|x86.Deploy.0 = Release|x86
	EndGlobalSection
	GlobalSection(SolutionProperties) = preSolution
		HideSolutionNode = FALSE
	EndGlobalSection
EndGlobal
